// !$*UTF8*$!
{
	archiveVersion = 1;
	classes = {
	};
	objectVersion = 56;
	objects = {

/* Begin PBXBuildFile section */
		F548B3402B075FF900DA8F44 /* PortfolioView.swift in Sources */ = {isa = PBXBuildFile; fileRef = F548B33F2B075FF900DA8F44 /* PortfolioView.swift */; };
		F548B3422B07644200DA8F44 /* CoinLogoView.swift in Sources */ = {isa = PBXBuildFile; fileRef = F548B3412B07644200DA8F44 /* CoinLogoView.swift */; };
		F5C3438E2AF93DFF0032DCCC /* CryptoPulseApp.swift in Sources */ = {isa = PBXBuildFile; fileRef = F5C3438D2AF93DFF0032DCCC /* CryptoPulseApp.swift */; };
		F5C343902AF93DFF0032DCCC /* ContentView.swift in Sources */ = {isa = PBXBuildFile; fileRef = F5C3438F2AF93DFF0032DCCC /* ContentView.swift */; };
		F5C343952AF93E010032DCCC /* Preview Assets.xcassets in Resources */ = {isa = PBXBuildFile; fileRef = F5C343942AF93E010032DCCC /* Preview Assets.xcassets */; };
		F5C3439C2AF93F8A0032DCCC /* Assets.xcassets in Resources */ = {isa = PBXBuildFile; fileRef = F5C3439B2AF93F8A0032DCCC /* Assets.xcassets */; };
		F5C343A12AF940EB0032DCCC /* Color.swift in Sources */ = {isa = PBXBuildFile; fileRef = F5C343A02AF940EB0032DCCC /* Color.swift */; };
		F5C343A72AF9441F0032DCCC /* HomeView.swift in Sources */ = {isa = PBXBuildFile; fileRef = F5C343A62AF9441F0032DCCC /* HomeView.swift */; };
		F5C343AB2AF9460D0032DCCC /* CircleButtonView.swift in Sources */ = {isa = PBXBuildFile; fileRef = F5C343AA2AF9460D0032DCCC /* CircleButtonView.swift */; };
		F5C343AD2AF94B040032DCCC /* CircleButtonAnimationView.swift in Sources */ = {isa = PBXBuildFile; fileRef = F5C343AC2AF94B040032DCCC /* CircleButtonAnimationView.swift */; };
		F5C343B02AF9CB7D0032DCCC /* CoinModel.swift in Sources */ = {isa = PBXBuildFile; fileRef = F5C343AF2AF9CB7D0032DCCC /* CoinModel.swift */; };
		F5C343B22AF9D05E0032DCCC /* CoinRowView.swift in Sources */ = {isa = PBXBuildFile; fileRef = F5C343B12AF9D05E0032DCCC /* CoinRowView.swift */; };
		F5C343B42AF9D0B20032DCCC /* PreviewProvider.swift in Sources */ = {isa = PBXBuildFile; fileRef = F5C343B32AF9D0B20032DCCC /* PreviewProvider.swift */; };
		F5C343B62AF9DB790032DCCC /* DoubleValueFormatter.swift in Sources */ = {isa = PBXBuildFile; fileRef = F5C343B52AF9DB790032DCCC /* DoubleValueFormatter.swift */; };
		F5C343B82AF9E5010032DCCC /* HomeViewModel.swift in Sources */ = {isa = PBXBuildFile; fileRef = F5C343B72AF9E5010032DCCC /* HomeViewModel.swift */; };
		F5C343BB2AF9ED420032DCCC /* CryptoService.swift in Sources */ = {isa = PBXBuildFile; fileRef = F5C343BA2AF9ED420032DCCC /* CryptoService.swift */; };
		F5C343BE2AF9F5120032DCCC /* Networking.swift in Sources */ = {isa = PBXBuildFile; fileRef = F5C343BD2AF9F5120032DCCC /* Networking.swift */; };
		F5C343C12AFB15C30032DCCC /* CoinImageView.swift in Sources */ = {isa = PBXBuildFile; fileRef = F5C343C02AFB15C30032DCCC /* CoinImageView.swift */; };
		F5C343C32AFB17600032DCCC /* CoinImageAPI.swift in Sources */ = {isa = PBXBuildFile; fileRef = F5C343C22AFB17600032DCCC /* CoinImageAPI.swift */; };
		F5C343C52AFB19300032DCCC /* CoinImageViewModel.swift in Sources */ = {isa = PBXBuildFile; fileRef = F5C343C42AFB19300032DCCC /* CoinImageViewModel.swift */; };
		F5C343C72AFB7CD20032DCCC /* PersistCoinImages.swift in Sources */ = {isa = PBXBuildFile; fileRef = F5C343C62AFB7CD20032DCCC /* PersistCoinImages.swift */; };
		F5C343C92AFB85870032DCCC /* searchBarView.swift in Sources */ = {isa = PBXBuildFile; fileRef = F5C343C82AFB85870032DCCC /* searchBarView.swift */; };
		F5D0BBBD2B08033500A7A1B1 /* MarketStatModel.swift in Sources */ = {isa = PBXBuildFile; fileRef = F5D0BBBC2B08033500A7A1B1 /* MarketStatModel.swift */; };
		F5D0BBBF2B08037200A7A1B1 /* MarketData.swift in Sources */ = {isa = PBXBuildFile; fileRef = F5D0BBBE2B08037200A7A1B1 /* MarketData.swift */; };
		F5D0BBC12B0804F400A7A1B1 /* HomeStatsView.swift in Sources */ = {isa = PBXBuildFile; fileRef = F5D0BBC02B0804F400A7A1B1 /* HomeStatsView.swift */; };
		F5D0BBC32B0805B200A7A1B1 /* MarketStatView.swift in Sources */ = {isa = PBXBuildFile; fileRef = F5D0BBC22B0805B200A7A1B1 /* MarketStatView.swift */; };
		F5D0BBC52B0806E700A7A1B1 /* MarketDataAPI.swift in Sources */ = {isa = PBXBuildFile; fileRef = F5D0BBC42B0806E700A7A1B1 /* MarketDataAPI.swift */; };
		F5D0BBC72B08072D00A7A1B1 /* PortfolioDataService.swift in Sources */ = {isa = PBXBuildFile; fileRef = F5D0BBC62B08072D00A7A1B1 /* PortfolioDataService.swift */; };
		F5D0BBCD2B08098100A7A1B1 /* PortfolioContainer.xcdatamodeld in Sources */ = {isa = PBXBuildFile; fileRef = F5D0BBCB2B08098100A7A1B1 /* PortfolioContainer.xcdatamodeld */; };
		F5D0BBCF2B08216200A7A1B1 /* HapticManager.swift in Sources */ = {isa = PBXBuildFile; fileRef = F5D0BBCE2B08216200A7A1B1 /* HapticManager.swift */; };
		F5D0BBD32B0828E700A7A1B1 /* LaunchScreen.storyboard in Resources */ = {isa = PBXBuildFile; fileRef = F5D0BBD22B0828E700A7A1B1 /* LaunchScreen.storyboard */; };
		F5D0BBD52B082DC300A7A1B1 /* LaunchViewFile.swift in Sources */ = {isa = PBXBuildFile; fileRef = F5D0BBD42B082DC300A7A1B1 /* LaunchViewFile.swift */; };
/* End PBXBuildFile section */

/* Begin PBXFileReference section */
		F548B33F2B075FF900DA8F44 /* PortfolioView.swift */ = {isa = PBXFileReference; lastKnownFileType = sourcecode.swift; path = PortfolioView.swift; sourceTree = "<group>"; };
		F548B3412B07644200DA8F44 /* CoinLogoView.swift */ = {isa = PBXFileReference; lastKnownFileType = sourcecode.swift; path = CoinLogoView.swift; sourceTree = "<group>"; };
		F5C3438A2AF93DFF0032DCCC /* CryptoPulse.app */ = {isa = PBXFileReference; explicitFileType = wrapper.application; includeInIndex = 0; path = CryptoPulse.app; sourceTree = BUILT_PRODUCTS_DIR; };
		F5C3438D2AF93DFF0032DCCC /* CryptoPulseApp.swift */ = {isa = PBXFileReference; lastKnownFileType = sourcecode.swift; path = CryptoPulseApp.swift; sourceTree = "<group>"; };
		F5C3438F2AF93DFF0032DCCC /* ContentView.swift */ = {isa = PBXFileReference; lastKnownFileType = sourcecode.swift; path = ContentView.swift; sourceTree = "<group>"; };
		F5C343942AF93E010032DCCC /* Preview Assets.xcassets */ = {isa = PBXFileReference; lastKnownFileType = folder.assetcatalog; path = "Preview Assets.xcassets"; sourceTree = "<group>"; };
		F5C3439B2AF93F8A0032DCCC /* Assets.xcassets */ = {isa = PBXFileReference; lastKnownFileType = folder.assetcatalog; path = Assets.xcassets; sourceTree = "<group>"; };
		F5C343A02AF940EB0032DCCC /* Color.swift */ = {isa = PBXFileReference; lastKnownFileType = sourcecode.swift; path = Color.swift; sourceTree = "<group>"; };
		F5C343A62AF9441F0032DCCC /* HomeView.swift */ = {isa = PBXFileReference; lastKnownFileType = sourcecode.swift; path = HomeView.swift; sourceTree = "<group>"; };
		F5C343AA2AF9460D0032DCCC /* CircleButtonView.swift */ = {isa = PBXFileReference; lastKnownFileType = sourcecode.swift; path = CircleButtonView.swift; sourceTree = "<group>"; };
		F5C343AC2AF94B040032DCCC /* CircleButtonAnimationView.swift */ = {isa = PBXFileReference; lastKnownFileType = sourcecode.swift; path = CircleButtonAnimationView.swift; sourceTree = "<group>"; };
		F5C343AF2AF9CB7D0032DCCC /* CoinModel.swift */ = {isa = PBXFileReference; lastKnownFileType = sourcecode.swift; path = CoinModel.swift; sourceTree = "<group>"; };
		F5C343B12AF9D05E0032DCCC /* CoinRowView.swift */ = {isa = PBXFileReference; lastKnownFileType = sourcecode.swift; path = CoinRowView.swift; sourceTree = "<group>"; };
		F5C343B32AF9D0B20032DCCC /* PreviewProvider.swift */ = {isa = PBXFileReference; lastKnownFileType = sourcecode.swift; path = PreviewProvider.swift; sourceTree = "<group>"; };
		F5C343B52AF9DB790032DCCC /* DoubleValueFormatter.swift */ = {isa = PBXFileReference; lastKnownFileType = sourcecode.swift; path = DoubleValueFormatter.swift; sourceTree = "<group>"; };
		F5C343B72AF9E5010032DCCC /* HomeViewModel.swift */ = {isa = PBXFileReference; lastKnownFileType = sourcecode.swift; path = HomeViewModel.swift; sourceTree = "<group>"; };
		F5C343BA2AF9ED420032DCCC /* CryptoService.swift */ = {isa = PBXFileReference; lastKnownFileType = sourcecode.swift; path = CryptoService.swift; sourceTree = "<group>"; };
		F5C343BD2AF9F5120032DCCC /* Networking.swift */ = {isa = PBXFileReference; lastKnownFileType = sourcecode.swift; path = Networking.swift; sourceTree = "<group>"; };
		F5C343C02AFB15C30032DCCC /* CoinImageView.swift */ = {isa = PBXFileReference; lastKnownFileType = sourcecode.swift; path = CoinImageView.swift; sourceTree = "<group>"; };
		F5C343C22AFB17600032DCCC /* CoinImageAPI.swift */ = {isa = PBXFileReference; lastKnownFileType = sourcecode.swift; path = CoinImageAPI.swift; sourceTree = "<group>"; };
		F5C343C42AFB19300032DCCC /* CoinImageViewModel.swift */ = {isa = PBXFileReference; lastKnownFileType = sourcecode.swift; path = CoinImageViewModel.swift; sourceTree = "<group>"; };
		F5C343C62AFB7CD20032DCCC /* PersistCoinImages.swift */ = {isa = PBXFileReference; lastKnownFileType = sourcecode.swift; path = PersistCoinImages.swift; sourceTree = "<group>"; };
		F5C343C82AFB85870032DCCC /* searchBarView.swift */ = {isa = PBXFileReference; lastKnownFileType = sourcecode.swift; path = searchBarView.swift; sourceTree = "<group>"; };
		F5D0BBBC2B08033500A7A1B1 /* MarketStatModel.swift */ = {isa = PBXFileReference; lastKnownFileType = sourcecode.swift; path = MarketStatModel.swift; sourceTree = "<group>"; };
		F5D0BBBE2B08037200A7A1B1 /* MarketData.swift */ = {isa = PBXFileReference; lastKnownFileType = sourcecode.swift; path = MarketData.swift; sourceTree = "<group>"; };
		F5D0BBC02B0804F400A7A1B1 /* HomeStatsView.swift */ = {isa = PBXFileReference; lastKnownFileType = sourcecode.swift; path = HomeStatsView.swift; sourceTree = "<group>"; };
		F5D0BBC22B0805B200A7A1B1 /* MarketStatView.swift */ = {isa = PBXFileReference; lastKnownFileType = sourcecode.swift; path = MarketStatView.swift; sourceTree = "<group>"; };
		F5D0BBC42B0806E700A7A1B1 /* MarketDataAPI.swift */ = {isa = PBXFileReference; lastKnownFileType = sourcecode.swift; path = MarketDataAPI.swift; sourceTree = "<group>"; };
		F5D0BBC62B08072D00A7A1B1 /* PortfolioDataService.swift */ = {isa = PBXFileReference; lastKnownFileType = sourcecode.swift; path = PortfolioDataService.swift; sourceTree = "<group>"; };
		F5D0BBCC2B08098100A7A1B1 /* PortfolioContainer.xcdatamodel */ = {isa = PBXFileReference; lastKnownFileType = wrapper.xcdatamodel; path = PortfolioContainer.xcdatamodel; sourceTree = "<group>"; };
		F5D0BBCE2B08216200A7A1B1 /* HapticManager.swift */ = {isa = PBXFileReference; lastKnownFileType = sourcecode.swift; path = HapticManager.swift; sourceTree = "<group>"; };
		F5D0BBD22B0828E700A7A1B1 /* LaunchScreen.storyboard */ = {isa = PBXFileReference; lastKnownFileType = file.storyboard; path = LaunchScreen.storyboard; sourceTree = "<group>"; };
		F5D0BBD42B082DC300A7A1B1 /* LaunchViewFile.swift */ = {isa = PBXFileReference; lastKnownFileType = sourcecode.swift; path = LaunchViewFile.swift; sourceTree = "<group>"; };
/* End PBXFileReference section */

/* Begin PBXFrameworksBuildPhase section */
		F5C343872AF93DFF0032DCCC /* Frameworks */ = {
			isa = PBXFrameworksBuildPhase;
			buildActionMask = 2147483647;
			files = (
			);
			runOnlyForDeploymentPostprocessing = 0;
		};
/* End PBXFrameworksBuildPhase section */

/* Begin PBXGroup section */
		F5C343812AF93DFF0032DCCC = {
			isa = PBXGroup;
			children = (
				F5C3438C2AF93DFF0032DCCC /* CryptoPulse */,
				F5C3438B2AF93DFF0032DCCC /* Products */,
			);
			sourceTree = "<group>";
		};
		F5C3438B2AF93DFF0032DCCC /* Products */ = {
			isa = PBXGroup;
			children = (
				F5C3438A2AF93DFF0032DCCC /* CryptoPulse.app */,
			);
			name = Products;
			sourceTree = "<group>";
		};
		F5C3438C2AF93DFF0032DCCC /* CryptoPulse */ = {
			isa = PBXGroup;
			children = (
				F5C343AE2AF9CB3C0032DCCC /* DataModel */,
				F5C343A22AF9439D0032DCCC /* Core */,
				F5C3439F2AF940B50032DCCC /* Extensions */,
				F5C3438D2AF93DFF0032DCCC /* CryptoPulseApp.swift */,
				F5C343BC2AF9F4E90032DCCC /* Helpers */,
				F5C343B92AF9EC6C0032DCCC /* API */,
				F5C3438F2AF93DFF0032DCCC /* ContentView.swift */,
				F5C343932AF93E010032DCCC /* Preview Content */,
			);
			path = CryptoPulse;
			sourceTree = "<group>";
		};
		F5C343932AF93E010032DCCC /* Preview Content */ = {
			isa = PBXGroup;
			children = (
				F5C3439B2AF93F8A0032DCCC /* Assets.xcassets */,
				F5C343942AF93E010032DCCC /* Preview Assets.xcassets */,
			);
			path = "Preview Content";
			sourceTree = "<group>";
		};
		F5C3439F2AF940B50032DCCC /* Extensions */ = {
			isa = PBXGroup;
			children = (
				F5C343A02AF940EB0032DCCC /* Color.swift */,
				F5C343B32AF9D0B20032DCCC /* PreviewProvider.swift */,
				F5C343B52AF9DB790032DCCC /* DoubleValueFormatter.swift */,
			);
			path = Extensions;
			sourceTree = "<group>";
		};
		F5C343A22AF9439D0032DCCC /* Core */ = {
			isa = PBXGroup;
			children = (
				F5D0BBD02B0828B900A7A1B1 /* Launch */,
				F5C343A82AF945D00032DCCC /* Components */,
				F5C343A32AF943CC0032DCCC /* Home */,
			);
			path = Core;
			sourceTree = "<group>";
		};
		F5C343A32AF943CC0032DCCC /* Home */ = {
			isa = PBXGroup;
			children = (
				F5C343A52AF943F70032DCCC /* ViewModels */,
				F5C343A42AF943E30032DCCC /* Views */,
			);
			path = Home;
			sourceTree = "<group>";
		};
		F5C343A42AF943E30032DCCC /* Views */ = {
			isa = PBXGroup;
			children = (
				F5C343A62AF9441F0032DCCC /* HomeView.swift */,
				F5C343B12AF9D05E0032DCCC /* CoinRowView.swift */,
				F548B33F2B075FF900DA8F44 /* PortfolioView.swift */,
				F5D0BBC02B0804F400A7A1B1 /* HomeStatsView.swift */,
			);
			path = Views;
			sourceTree = "<group>";
		};
		F5C343A52AF943F70032DCCC /* ViewModels */ = {
			isa = PBXGroup;
			children = (
				F5C343B72AF9E5010032DCCC /* HomeViewModel.swift */,
			);
			path = ViewModels;
			sourceTree = "<group>";
		};
		F5C343A82AF945D00032DCCC /* Components */ = {
			isa = PBXGroup;
			children = (
				F5C343BF2AFB15A60032DCCC /* CoinImage */,
				F5C343A92AF945EA0032DCCC /* CircleButton */,
				F5C343C82AFB85870032DCCC /* searchBarView.swift */,
				F5D0BBC22B0805B200A7A1B1 /* MarketStatView.swift */,
			);
			path = Components;
			sourceTree = "<group>";
		};
		F5C343A92AF945EA0032DCCC /* CircleButton */ = {
			isa = PBXGroup;
			children = (
				F5C343AA2AF9460D0032DCCC /* CircleButtonView.swift */,
				F5C343AC2AF94B040032DCCC /* CircleButtonAnimationView.swift */,
			);
			path = CircleButton;
			sourceTree = "<group>";
		};
		F5C343AE2AF9CB3C0032DCCC /* DataModel */ = {
			isa = PBXGroup;
			children = (
				F5C343AF2AF9CB7D0032DCCC /* CoinModel.swift */,
				F5D0BBBC2B08033500A7A1B1 /* MarketStatModel.swift */,
				F5D0BBBE2B08037200A7A1B1 /* MarketData.swift */,
				F5D0BBCB2B08098100A7A1B1 /* PortfolioContainer.xcdatamodeld */,
			);
			path = DataModel;
			sourceTree = "<group>";
		};
		F5C343B92AF9EC6C0032DCCC /* API */ = {
			isa = PBXGroup;
			children = (
				F5C343BA2AF9ED420032DCCC /* CryptoService.swift */,
				F5C343C22AFB17600032DCCC /* CoinImageAPI.swift */,
				F5D0BBC42B0806E700A7A1B1 /* MarketDataAPI.swift */,
				F5D0BBC62B08072D00A7A1B1 /* PortfolioDataService.swift */,
			);
			path = API;
			sourceTree = "<group>";
		};
		F5C343BC2AF9F4E90032DCCC /* Helpers */ = {
			isa = PBXGroup;
			children = (
				F5C343BD2AF9F5120032DCCC /* Networking.swift */,
				F5C343C62AFB7CD20032DCCC /* PersistCoinImages.swift */,
				F5D0BBCE2B08216200A7A1B1 /* HapticManager.swift */,
			);
			path = Helpers;
			sourceTree = "<group>";
		};
		F5C343BF2AFB15A60032DCCC /* CoinImage */ = {
			isa = PBXGroup;
			children = (
				F5C343C02AFB15C30032DCCC /* CoinImageView.swift */,
				F5C343C42AFB19300032DCCC /* CoinImageViewModel.swift */,
				F548B3412B07644200DA8F44 /* CoinLogoView.swift */,
			);
			path = CoinImage;
			sourceTree = "<group>";
		};
		F5D0BBD02B0828B900A7A1B1 /* Launch */ = {
			isa = PBXGroup;
			children = (
				F5D0BBD12B0828C700A7A1B1 /* LaunchView */,
			);
			path = Launch;
			sourceTree = "<group>";
		};
		F5D0BBD12B0828C700A7A1B1 /* LaunchView */ = {
			isa = PBXGroup;
			children = (
				F5D0BBD22B0828E700A7A1B1 /* LaunchScreen.storyboard */,
				F5D0BBD42B082DC300A7A1B1 /* LaunchViewFile.swift */,
			);
			path = LaunchView;
			sourceTree = "<group>";
		};
/* End PBXGroup section */

/* Begin PBXNativeTarget section */
		F5C343892AF93DFF0032DCCC /* CryptoPulse */ = {
			isa = PBXNativeTarget;
			buildConfigurationList = F5C343982AF93E010032DCCC /* Build configuration list for PBXNativeTarget "CryptoPulse" */;
			buildPhases = (
				F5C343862AF93DFF0032DCCC /* Sources */,
				F5C343872AF93DFF0032DCCC /* Frameworks */,
				F5C343882AF93DFF0032DCCC /* Resources */,
			);
			buildRules = (
			);
			dependencies = (
			);
			name = CryptoPulse;
			productName = CryptoPulse;
			productReference = F5C3438A2AF93DFF0032DCCC /* CryptoPulse.app */;
			productType = "com.apple.product-type.application";
		};
/* End PBXNativeTarget section */

/* Begin PBXProject section */
		F5C343822AF93DFF0032DCCC /* Project object */ = {
			isa = PBXProject;
			attributes = {
				BuildIndependentTargetsInParallel = 1;
				LastSwiftUpdateCheck = 1430;
				LastUpgradeCheck = 1500;
				TargetAttributes = {
					F5C343892AF93DFF0032DCCC = {
						CreatedOnToolsVersion = 14.3.1;
					};
				};
			};
			buildConfigurationList = F5C343852AF93DFF0032DCCC /* Build configuration list for PBXProject "CryptoPulse" */;
			compatibilityVersion = "Xcode 14.0";
			developmentRegion = en;
			hasScannedForEncodings = 0;
			knownRegions = (
				en,
				Base,
			);
			mainGroup = F5C343812AF93DFF0032DCCC;
			productRefGroup = F5C3438B2AF93DFF0032DCCC /* Products */;
			projectDirPath = "";
			projectRoot = "";
			targets = (
				F5C343892AF93DFF0032DCCC /* CryptoPulse */,
			);
		};
/* End PBXProject section */

/* Begin PBXResourcesBuildPhase section */
		F5C343882AF93DFF0032DCCC /* Resources */ = {
			isa = PBXResourcesBuildPhase;
			buildActionMask = 2147483647;
			files = (
				F5D0BBD32B0828E700A7A1B1 /* LaunchScreen.storyboard in Resources */,
				F5C343952AF93E010032DCCC /* Preview Assets.xcassets in Resources */,
				F5C3439C2AF93F8A0032DCCC /* Assets.xcassets in Resources */,
			);
			runOnlyForDeploymentPostprocessing = 0;
		};
/* End PBXResourcesBuildPhase section */

/* Begin PBXSourcesBuildPhase section */
		F5C343862AF93DFF0032DCCC /* Sources */ = {
			isa = PBXSourcesBuildPhase;
			buildActionMask = 2147483647;
			files = (
				F5C343B22AF9D05E0032DCCC /* CoinRowView.swift in Sources */,
				F5C343C32AFB17600032DCCC /* CoinImageAPI.swift in Sources */,
				F5D0BBCF2B08216200A7A1B1 /* HapticManager.swift in Sources */,
				F5C343B82AF9E5010032DCCC /* HomeViewModel.swift in Sources */,
				F548B3402B075FF900DA8F44 /* PortfolioView.swift in Sources */,
				F5C343902AF93DFF0032DCCC /* ContentView.swift in Sources */,
				F5D0BBCD2B08098100A7A1B1 /* PortfolioContainer.xcdatamodeld in Sources */,
				F5C343BE2AF9F5120032DCCC /* Networking.swift in Sources */,
				F548B3422B07644200DA8F44 /* CoinLogoView.swift in Sources */,
				F5D0BBC52B0806E700A7A1B1 /* MarketDataAPI.swift in Sources */,
				F5D0BBBD2B08033500A7A1B1 /* MarketStatModel.swift in Sources */,
				F5C343A72AF9441F0032DCCC /* HomeView.swift in Sources */,
				F5D0BBC72B08072D00A7A1B1 /* PortfolioDataService.swift in Sources */,
				F5C343C92AFB85870032DCCC /* searchBarView.swift in Sources */,
				F5C343C12AFB15C30032DCCC /* CoinImageView.swift in Sources */,
				F5C343BB2AF9ED420032DCCC /* CryptoService.swift in Sources */,
				F5C343C72AFB7CD20032DCCC /* PersistCoinImages.swift in Sources */,
				F5D0BBC12B0804F400A7A1B1 /* HomeStatsView.swift in Sources */,
				F5C343B62AF9DB790032DCCC /* DoubleValueFormatter.swift in Sources */,
				F5C3438E2AF93DFF0032DCCC /* CryptoPulseApp.swift in Sources */,
				F5D0BBBF2B08037200A7A1B1 /* MarketData.swift in Sources */,
				F5C343AB2AF9460D0032DCCC /* CircleButtonView.swift in Sources */,
				F5D0BBC32B0805B200A7A1B1 /* MarketStatView.swift in Sources */,
				F5C343C52AFB19300032DCCC /* CoinImageViewModel.swift in Sources */,
				F5D0BBD52B082DC300A7A1B1 /* LaunchViewFile.swift in Sources */,
				F5C343A12AF940EB0032DCCC /* Color.swift in Sources */,
				F5C343AD2AF94B040032DCCC /* CircleButtonAnimationView.swift in Sources */,
				F5C343B42AF9D0B20032DCCC /* PreviewProvider.swift in Sources */,
				F5C343B02AF9CB7D0032DCCC /* CoinModel.swift in Sources */,
			);
			runOnlyForDeploymentPostprocessing = 0;
		};
/* End PBXSourcesBuildPhase section */

/* Begin XCBuildConfiguration section */
		F5C343962AF93E010032DCCC /* Debug */ = {
			isa = XCBuildConfiguration;
			buildSettings = {
				ALWAYS_SEARCH_USER_PATHS = NO;
				CLANG_ANALYZER_NONNULL = YES;
				CLANG_ANALYZER_NUMBER_OBJECT_CONVERSION = YES_AGGRESSIVE;
				CLANG_CXX_LANGUAGE_STANDARD = "gnu++20";
				CLANG_ENABLE_MODULES = YES;
				CLANG_ENABLE_OBJC_ARC = YES;
				CLANG_ENABLE_OBJC_WEAK = YES;
				CLANG_WARN_BLOCK_CAPTURE_AUTORELEASING = YES;
				CLANG_WARN_BOOL_CONVERSION = YES;
				CLANG_WARN_COMMA = YES;
				CLANG_WARN_CONSTANT_CONVERSION = YES;
				CLANG_WARN_DEPRECATED_OBJC_IMPLEMENTATIONS = YES;
				CLANG_WARN_DIRECT_OBJC_ISA_USAGE = YES_ERROR;
				CLANG_WARN_DOCUMENTATION_COMMENTS = YES;
				CLANG_WARN_EMPTY_BODY = YES;
				CLANG_WARN_ENUM_CONVERSION = YES;
				CLANG_WARN_INFINITE_RECURSION = YES;
				CLANG_WARN_INT_CONVERSION = YES;
				CLANG_WARN_NON_LITERAL_NULL_CONVERSION = YES;
				CLANG_WARN_OBJC_IMPLICIT_RETAIN_SELF = YES;
				CLANG_WARN_OBJC_LITERAL_CONVERSION = YES;
				CLANG_WARN_OBJC_ROOT_CLASS = YES_ERROR;
				CLANG_WARN_QUOTED_INCLUDE_IN_FRAMEWORK_HEADER = YES;
				CLANG_WARN_RANGE_LOOP_ANALYSIS = YES;
				CLANG_WARN_STRICT_PROTOTYPES = YES;
				CLANG_WARN_SUSPICIOUS_MOVE = YES;
				CLANG_WARN_UNGUARDED_AVAILABILITY = YES_AGGRESSIVE;
				CLANG_WARN_UNREACHABLE_CODE = YES;
				CLANG_WARN__DUPLICATE_METHOD_MATCH = YES;
				COPY_PHASE_STRIP = NO;
				DEBUG_INFORMATION_FORMAT = dwarf;
				ENABLE_STRICT_OBJC_MSGSEND = YES;
				ENABLE_TESTABILITY = YES;
				ENABLE_USER_SCRIPT_SANDBOXING = YES;
				GCC_C_LANGUAGE_STANDARD = gnu11;
				GCC_DYNAMIC_NO_PIC = NO;
				GCC_NO_COMMON_BLOCKS = YES;
				GCC_OPTIMIZATION_LEVEL = 0;
				GCC_PREPROCESSOR_DEFINITIONS = (
					"DEBUG=1",
					"$(inherited)",
				);
				GCC_WARN_64_TO_32_BIT_CONVERSION = YES;
				GCC_WARN_ABOUT_RETURN_TYPE = YES_ERROR;
				GCC_WARN_UNDECLARED_SELECTOR = YES;
				GCC_WARN_UNINITIALIZED_AUTOS = YES_AGGRESSIVE;
				GCC_WARN_UNUSED_FUNCTION = YES;
				GCC_WARN_UNUSED_VARIABLE = YES;
				IPHONEOS_DEPLOYMENT_TARGET = 16.4;
				MTL_ENABLE_DEBUG_INFO = INCLUDE_SOURCE;
				MTL_FAST_MATH = YES;
				ONLY_ACTIVE_ARCH = YES;
				SDKROOT = iphoneos;
				SWIFT_ACTIVE_COMPILATION_CONDITIONS = DEBUG;
				SWIFT_OPTIMIZATION_LEVEL = "-Onone";
			};
			name = Debug;
		};
		F5C343972AF93E010032DCCC /* Release */ = {
			isa = XCBuildConfiguration;
			buildSettings = {
				ALWAYS_SEARCH_USER_PATHS = NO;
				CLANG_ANALYZER_NONNULL = YES;
				CLANG_ANALYZER_NUMBER_OBJECT_CONVERSION = YES_AGGRESSIVE;
				CLANG_CXX_LANGUAGE_STANDARD = "gnu++20";
				CLANG_ENABLE_MODULES = YES;
				CLANG_ENABLE_OBJC_ARC = YES;
				CLANG_ENABLE_OBJC_WEAK = YES;
				CLANG_WARN_BLOCK_CAPTURE_AUTORELEASING = YES;
				CLANG_WARN_BOOL_CONVERSION = YES;
				CLANG_WARN_COMMA = YES;
				CLANG_WARN_CONSTANT_CONVERSION = YES;
				CLANG_WARN_DEPRECATED_OBJC_IMPLEMENTATIONS = YES;
				CLANG_WARN_DIRECT_OBJC_ISA_USAGE = YES_ERROR;
				CLANG_WARN_DOCUMENTATION_COMMENTS = YES;
				CLANG_WARN_EMPTY_BODY = YES;
				CLANG_WARN_ENUM_CONVERSION = YES;
				CLANG_WARN_INFINITE_RECURSION = YES;
				CLANG_WARN_INT_CONVERSION = YES;
				CLANG_WARN_NON_LITERAL_NULL_CONVERSION = YES;
				CLANG_WARN_OBJC_IMPLICIT_RETAIN_SELF = YES;
				CLANG_WARN_OBJC_LITERAL_CONVERSION = YES;
				CLANG_WARN_OBJC_ROOT_CLASS = YES_ERROR;
				CLANG_WARN_QUOTED_INCLUDE_IN_FRAMEWORK_HEADER = YES;
				CLANG_WARN_RANGE_LOOP_ANALYSIS = YES;
				CLANG_WARN_STRICT_PROTOTYPES = YES;
				CLANG_WARN_SUSPICIOUS_MOVE = YES;
				CLANG_WARN_UNGUARDED_AVAILABILITY = YES_AGGRESSIVE;
				CLANG_WARN_UNREACHABLE_CODE = YES;
				CLANG_WARN__DUPLICATE_METHOD_MATCH = YES;
				COPY_PHASE_STRIP = NO;
				DEBUG_INFORMATION_FORMAT = "dwarf-with-dsym";
				ENABLE_NS_ASSERTIONS = NO;
				ENABLE_STRICT_OBJC_MSGSEND = YES;
				ENABLE_USER_SCRIPT_SANDBOXING = YES;
				GCC_C_LANGUAGE_STANDARD = gnu11;
				GCC_NO_COMMON_BLOCKS = YES;
				GCC_WARN_64_TO_32_BIT_CONVERSION = YES;
				GCC_WARN_ABOUT_RETURN_TYPE = YES_ERROR;
				GCC_WARN_UNDECLARED_SELECTOR = YES;
				GCC_WARN_UNINITIALIZED_AUTOS = YES_AGGRESSIVE;
				GCC_WARN_UNUSED_FUNCTION = YES;
				GCC_WARN_UNUSED_VARIABLE = YES;
				IPHONEOS_DEPLOYMENT_TARGET = 16.4;
				MTL_ENABLE_DEBUG_INFO = NO;
				MTL_FAST_MATH = YES;
				SDKROOT = iphoneos;
				SWIFT_COMPILATION_MODE = wholemodule;
				SWIFT_OPTIMIZATION_LEVEL = "-O";
				VALIDATE_PRODUCT = YES;
			};
			name = Release;
		};
		F5C343992AF93E010032DCCC /* Debug */ = {
			isa = XCBuildConfiguration;
			buildSettings = {
				ASSETCATALOG_COMPILER_APPICON_NAME = AppIcon;
				ASSETCATALOG_COMPILER_GLOBAL_ACCENT_COLOR_NAME = AccentColor;
				CODE_SIGN_STYLE = Automatic;
				CURRENT_PROJECT_VERSION = 1;
				DEVELOPMENT_ASSET_PATHS = "\"CryptoPulse/Preview Content\"";
				ENABLE_PREVIEWS = YES;
				GENERATE_INFOPLIST_FILE = YES;
				INFOPLIST_KEY_CFBundleDisplayName = CrytoPulse;
				INFOPLIST_KEY_UIApplicationSceneManifest_Generation = YES;
				INFOPLIST_KEY_UIApplicationSupportsIndirectInputEvents = YES;
				INFOPLIST_KEY_UILaunchScreen_Generation = YES;
				INFOPLIST_KEY_UILaunchStoryboardName = LaunchScreen.storyboard;
				INFOPLIST_KEY_UISupportedInterfaceOrientations = UIInterfaceOrientationPortrait;
				LD_RUNPATH_SEARCH_PATHS = (
					"$(inherited)",
					"@executable_path/Frameworks",
				);
				MARKETING_VERSION = 1.0;
				PRODUCT_BUNDLE_IDENTIFIER = com.ravitiwari.CryptoPulse;
				PRODUCT_NAME = "$(TARGET_NAME)";
				SWIFT_EMIT_LOC_STRINGS = YES;
				SWIFT_VERSION = 5.0;
				TARGETED_DEVICE_FAMILY = "1,2";
			};
			name = Debug;
		};
		F5C3439A2AF93E010032DCCC /* Release */ = {
			isa = XCBuildConfiguration;
			buildSettings = {
				ASSETCATALOG_COMPILER_APPICON_NAME = AppIcon;
				ASSETCATALOG_COMPILER_GLOBAL_ACCENT_COLOR_NAME = AccentColor;
				CODE_SIGN_STYLE = Automatic;
				CURRENT_PROJECT_VERSION = 1;
				DEVELOPMENT_ASSET_PATHS = "\"CryptoPulse/Preview Content\"";
				ENABLE_PREVIEWS = YES;
				GENERATE_INFOPLIST_FILE = YES;
				INFOPLIST_KEY_CFBundleDisplayName = CrytoPulse;
				INFOPLIST_KEY_UIApplicationSceneManifest_Generation = YES;
				INFOPLIST_KEY_UIApplicationSupportsIndirectInputEvents = YES;
				INFOPLIST_KEY_UILaunchScreen_Generation = YES;
				INFOPLIST_KEY_UILaunchStoryboardName = LaunchScreen.storyboard;
				INFOPLIST_KEY_UISupportedInterfaceOrientations = UIInterfaceOrientationPortrait;
				LD_RUNPATH_SEARCH_PATHS = (
					"$(inherited)",
					"@executable_path/Frameworks",
				);
				MARKETING_VERSION = 1.0;
				PRODUCT_BUNDLE_IDENTIFIER = com.ravitiwari.CryptoPulse;
				PRODUCT_NAME = "$(TARGET_NAME)";
				SWIFT_EMIT_LOC_STRINGS = YES;
				SWIFT_VERSION = 5.0;
				TARGETED_DEVICE_FAMILY = "1,2";
			};
			name = Release;
		};
/* End XCBuildConfiguration section */

/* Begin XCConfigurationList section */
		F5C343852AF93DFF0032DCCC /* Build configuration list for PBXProject "CryptoPulse" */ = {
			isa = XCConfigurationList;
			buildConfigurations = (
				F5C343962AF93E010032DCCC /* Debug */,
				F5C343972AF93E010032DCCC /* Release */,
			);
			defaultConfigurationIsVisible = 0;
			defaultConfigurationName = Release;
		};
		F5C343982AF93E010032DCCC /* Build configuration list for PBXNativeTarget "CryptoPulse" */ = {
			isa = XCConfigurationList;
			buildConfigurations = (
				F5C343992AF93E010032DCCC /* Debug */,
				F5C3439A2AF93E010032DCCC /* Release */,
			);
			defaultConfigurationIsVisible = 0;
			defaultConfigurationName = Release;
		};
/* End XCConfigurationList section */

/* Begin XCVersionGroup section */
		F5D0BBCB2B08098100A7A1B1 /* PortfolioContainer.xcdatamodeld */ = {
			isa = XCVersionGroup;
			children = (
				F5D0BBCC2B08098100A7A1B1 /* PortfolioContainer.xcdatamodel */,
			);
			currentVersion = F5D0BBCC2B08098100A7A1B1 /* PortfolioContainer.xcdatamodel */;
			path = PortfolioContainer.xcdatamodeld;
			sourceTree = "<group>";
			versionGroupType = wrapper.xcdatamodel;
		};
/* End XCVersionGroup section */
	};
	rootObject = F5C343822AF93DFF0032DCCC /* Project object */;
}
